
Microsoft Visual Studio Solution File, Format Version 12.00
# Visual Studio Version 17
VisualStudioVersion = 17.9.34728.123
MinimumVisualStudioVersion = 10.0.40219.1
Project("{FAE04EC0-301F-11D3-BF4B-00C04F79EFBC}") = "Olympic_heroes", "Olympic_heroes\Olympic_heroes.csproj", "{0C1BBE10-5A2B-4D3B-9460-13D326A6D0D2}"
EndProject
Global
	GlobalSection(SolutionConfigurationPlatforms) = preSolution
		Debug|Any CPU = Debug|Any CPU
		Release|Any CPU = Release|Any CPU
	EndGlobalSection
	GlobalSection(ProjectConfigurationPlatforms) = postSolution
		{0C1BBE10-5A2B-4D3B-9460-13D326A6D0D2}.Debug|Any CPU.ActiveCfg = Debug|Any CPU
		{0C1BBE10-5A2B-4D3B-9460-13D326A6D0D2}.Debug|Any CPU.Build.0 = Debug|Any CPU
		{0C1BBE10-5A2B-4D3B-9460-13D326A6D0D2}.Release|Any CPU.ActiveCfg = Release|Any CPU
		{0C1BBE10-5A2B-4D3B-9460-13D326A6D0D2}.Release|Any CPU.Build.0 = Release|Any CPU
	EndGlobalSection
	GlobalSection(SolutionProperties) = preSolution
		HideSolutionNode = FALSE
	EndGlobalSection
	GlobalSection(ExtensibilityGlobals) = postSolution
		SolutionGuid = {1E5FDFC7-7A6D-4CE5-B84D-BDD4D1AD0D53}
	EndGlobalSection
EndGlobal
